PODS:
  - NVActivityIndicatorView (4.1.1):
    - NVActivityIndicatorView/Presenter (= 4.1.1)
  - NVActivityIndicatorView/Presenter (4.1.1)

DEPENDENCIES:
  - NVActivityIndicatorView

SPEC CHECKSUMS:
  NVActivityIndicatorView: 60109b9bf46efc2e71ab81453196ccdfdfeea870

PODFILE CHECKSUM: 3188465845db08f6da74bc691eb67819606cf4c0

COCOAPODS: 1.3.1
