// !$*UTF8*$!
{
	archiveVersion = 1;
	classes = {
	};
	objectVersion = 48;
	objects = {

/* Begin PBXBuildFile section */
		AECD3CA52062308F006B47A2 /* AppDelegate.swift in Sources */ = {isa = PBXBuildFile; fileRef = AECD3CA42062308F006B47A2 /* AppDelegate.swift */; };
		AECD3CAA2062308F006B47A2 /* Main.storyboard in Resources */ = {isa = PBXBuildFile; fileRef = AECD3CA82062308F006B47A2 /* Main.storyboard */; };
		AECD3CAF2062308F006B47A2 /* LaunchScreen.storyboard in Resources */ = {isa = PBXBuildFile; fileRef = AECD3CAD2062308F006B47A2 /* LaunchScreen.storyboard */; };
		AECD3CBC206237B1006B47A2 /* ViewController.swift in Sources */ = {isa = PBXBuildFile; fileRef = AECD3CBB206237B1006B47A2 /* ViewController.swift */; };
		AECD3CBF206237BB006B47A2 /* Info.plist in Resources */ = {isa = PBXBuildFile; fileRef = AECD3CBD206237BB006B47A2 /* Info.plist */; };
		AECD3CC0206237BB006B47A2 /* Assets.xcassets in Resources */ = {isa = PBXBuildFile; fileRef = AECD3CBE206237BB006B47A2 /* Assets.xcassets */; };
		AECD3CC2206237FA006B47A2 /* ScanDevicesViewController.swift in Sources */ = {isa = PBXBuildFile; fileRef = AECD3CC1206237FA006B47A2 /* ScanDevicesViewController.swift */; };
		AECD3CC5206245B2006B47A2 /* NSData+Int8.swift in Sources */ = {isa = PBXBuildFile; fileRef = AECD3CC3206245B2006B47A2 /* NSData+Int8.swift */; };
		AECD3CC6206245B2006B47A2 /* SimpleBluetoothIO.swift in Sources */ = {isa = PBXBuildFile; fileRef = AECD3CC4206245B2006B47A2 /* SimpleBluetoothIO.swift */; };
		AECD3CC820626F97006B47A2 /* SwitchTableViewCell.swift in Sources */ = {isa = PBXBuildFile; fileRef = AECD3CC720626F97006B47A2 /* SwitchTableViewCell.swift */; };
		AECD3CCA20627B68006B47A2 /* TimerViewController.swift in Sources */ = {isa = PBXBuildFile; fileRef = AECD3CC920627B68006B47A2 /* TimerViewController.swift */; };
		EC9F1F686D5BDFB30BBC3F10 /* Pods_BTConnector.framework in Frameworks */ = {isa = PBXBuildFile; fileRef = 1D1DB5FD8542D4C3B3F121BD /* Pods_BTConnector.framework */; };
/* End PBXBuildFile section */

/* Begin PBXFileReference section */
		1D1DB5FD8542D4C3B3F121BD /* Pods_BTConnector.framework */ = {isa = PBXFileReference; explicitFileType = wrapper.framework; includeInIndex = 0; path = Pods_BTConnector.framework; sourceTree = BUILT_PRODUCTS_DIR; };
		33EF813B5EB4CA55D547AF29 /* Pods-BTConnector.debug.xcconfig */ = {isa = PBXFileReference; includeInIndex = 1; lastKnownFileType = text.xcconfig; name = "Pods-BTConnector.debug.xcconfig"; path = "Pods/Target Support Files/Pods-BTConnector/Pods-BTConnector.debug.xcconfig"; sourceTree = "<group>"; };
		409496853401C50AA3878EBA /* Pods-BTConnector.release.xcconfig */ = {isa = PBXFileReference; includeInIndex = 1; lastKnownFileType = text.xcconfig; name = "Pods-BTConnector.release.xcconfig"; path = "Pods/Target Support Files/Pods-BTConnector/Pods-BTConnector.release.xcconfig"; sourceTree = "<group>"; };
		AECD3CA12062308F006B47A2 /* BTConnector.app */ = {isa = PBXFileReference; explicitFileType = wrapper.application; includeInIndex = 0; path = BTConnector.app; sourceTree = BUILT_PRODUCTS_DIR; };
		AECD3CA42062308F006B47A2 /* AppDelegate.swift */ = {isa = PBXFileReference; lastKnownFileType = sourcecode.swift; path = AppDelegate.swift; sourceTree = "<group>"; };
		AECD3CA92062308F006B47A2 /* Base */ = {isa = PBXFileReference; lastKnownFileType = file.storyboard; name = Base; path = Base.lproj/Main.storyboard; sourceTree = "<group>"; };
		AECD3CAE2062308F006B47A2 /* Base */ = {isa = PBXFileReference; lastKnownFileType = file.storyboard; name = Base; path = Base.lproj/LaunchScreen.storyboard; sourceTree = "<group>"; };
		AECD3CBB206237B1006B47A2 /* ViewController.swift */ = {isa = PBXFileReference; fileEncoding = 4; lastKnownFileType = sourcecode.swift; path = ViewController.swift; sourceTree = "<group>"; };
		AECD3CBD206237BB006B47A2 /* Info.plist */ = {isa = PBXFileReference; fileEncoding = 4; lastKnownFileType = text.plist.xml; path = Info.plist; sourceTree = "<group>"; };
		AECD3CBE206237BB006B47A2 /* Assets.xcassets */ = {isa = PBXFileReference; lastKnownFileType = folder.assetcatalog; path = Assets.xcassets; sourceTree = "<group>"; };
		AECD3CC1206237FA006B47A2 /* ScanDevicesViewController.swift */ = {isa = PBXFileReference; lastKnownFileType = sourcecode.swift; path = ScanDevicesViewController.swift; sourceTree = "<group>"; };
		AECD3CC3206245B2006B47A2 /* NSData+Int8.swift */ = {isa = PBXFileReference; fileEncoding = 4; lastKnownFileType = sourcecode.swift; path = "NSData+Int8.swift"; sourceTree = "<group>"; };
		AECD3CC4206245B2006B47A2 /* SimpleBluetoothIO.swift */ = {isa = PBXFileReference; fileEncoding = 4; lastKnownFileType = sourcecode.swift; path = SimpleBluetoothIO.swift; sourceTree = "<group>"; };
		AECD3CC720626F97006B47A2 /* SwitchTableViewCell.swift */ = {isa = PBXFileReference; lastKnownFileType = sourcecode.swift; path = SwitchTableViewCell.swift; sourceTree = "<group>"; };
		AECD3CC920627B68006B47A2 /* TimerViewController.swift */ = {isa = PBXFileReference; lastKnownFileType = sourcecode.swift; path = TimerViewController.swift; sourceTree = "<group>"; };
/* End PBXFileReference section */

/* Begin PBXFrameworksBuildPhase section */
		AECD3C9E2062308F006B47A2 /* Frameworks */ = {
			isa = PBXFrameworksBuildPhase;
			buildActionMask = 2147483647;
			files = (
				EC9F1F686D5BDFB30BBC3F10 /* Pods_BTConnector.framework in Frameworks */,
			);
			runOnlyForDeploymentPostprocessing = 0;
		};
/* End PBXFrameworksBuildPhase section */

/* Begin PBXGroup section */
		06785D2D7460D357C641606A /* Frameworks */ = {
			isa = PBXGroup;
			children = (
				1D1DB5FD8542D4C3B3F121BD /* Pods_BTConnector.framework */,
			);
			name = Frameworks;
			sourceTree = "<group>";
		};
		97CE4903B7F6E1CFB6EE50C2 /* Pods */ = {
			isa = PBXGroup;
			children = (
				33EF813B5EB4CA55D547AF29 /* Pods-BTConnector.debug.xcconfig */,
				409496853401C50AA3878EBA /* Pods-BTConnector.release.xcconfig */,
			);
			name = Pods;
			sourceTree = "<group>";
		};
		AECD3C982062308F006B47A2 = {
			isa = PBXGroup;
			children = (
				AECD3CA32062308F006B47A2 /* BTConnector */,
				AECD3CA22062308F006B47A2 /* Products */,
				97CE4903B7F6E1CFB6EE50C2 /* Pods */,
				06785D2D7460D357C641606A /* Frameworks */,
			);
			sourceTree = "<group>";
		};
		AECD3CA22062308F006B47A2 /* Products */ = {
			isa = PBXGroup;
			children = (
				AECD3CA12062308F006B47A2 /* BTConnector.app */,
			);
			name = Products;
			sourceTree = "<group>";
		};
		AECD3CA32062308F006B47A2 /* BTConnector */ = {
			isa = PBXGroup;
			children = (
				AECD3CA42062308F006B47A2 /* AppDelegate.swift */,
				AECD3CA82062308F006B47A2 /* Main.storyboard */,
				AECD3CAD2062308F006B47A2 /* LaunchScreen.storyboard */,
				AECD3CB620623652006B47A2 /* Model */,
				AECD3CB720623661006B47A2 /* View */,
				AECD3CB820623673006B47A2 /* Controller */,
				AECD3CB920623687006B47A2 /* Helper */,
				AECD3CBA206236DA006B47A2 /* Resources */,
			);
			path = BTConnector;
			sourceTree = "<group>";
		};
		AECD3CB620623652006B47A2 /* Model */ = {
			isa = PBXGroup;
			children = (
			);
			path = Model;
			sourceTree = "<group>";
		};
		AECD3CB720623661006B47A2 /* View */ = {
			isa = PBXGroup;
			children = (
				AECD3CC720626F97006B47A2 /* SwitchTableViewCell.swift */,
			);
			path = View;
			sourceTree = "<group>";
		};
		AECD3CB820623673006B47A2 /* Controller */ = {
			isa = PBXGroup;
			children = (
				AECD3CBB206237B1006B47A2 /* ViewController.swift */,
				AECD3CC1206237FA006B47A2 /* ScanDevicesViewController.swift */,
				AECD3CC920627B68006B47A2 /* TimerViewController.swift */,
			);
			path = Controller;
			sourceTree = "<group>";
		};
		AECD3CB920623687006B47A2 /* Helper */ = {
			isa = PBXGroup;
			children = (
				AECD3CC3206245B2006B47A2 /* NSData+Int8.swift */,
				AECD3CC4206245B2006B47A2 /* SimpleBluetoothIO.swift */,
			);
			path = Helper;
			sourceTree = "<group>";
		};
		AECD3CBA206236DA006B47A2 /* Resources */ = {
			isa = PBXGroup;
			children = (
				AECD3CBD206237BB006B47A2 /* Info.plist */,
				AECD3CBE206237BB006B47A2 /* Assets.xcassets */,
			);
			path = Resources;
			sourceTree = "<group>";
		};
/* End PBXGroup section */

/* Begin PBXNativeTarget section */
		AECD3CA02062308F006B47A2 /* BTConnector */ = {
			isa = PBXNativeTarget;
			buildConfigurationList = AECD3CB32062308F006B47A2 /* Build configuration list for PBXNativeTarget "BTConnector" */;
			buildPhases = (
				FAB27DF0E42E7A788A9D73FD /* [CP] Check Pods Manifest.lock */,
				AECD3C9D2062308F006B47A2 /* Sources */,
				AECD3C9E2062308F006B47A2 /* Frameworks */,
				AECD3C9F2062308F006B47A2 /* Resources */,
				F9DAE8949290706D8ED9D38B /* [CP] Embed Pods Frameworks */,
				32A77749B6AA487394BB32BB /* [CP] Copy Pods Resources */,
			);
			buildRules = (
			);
			dependencies = (
			);
			name = BTConnector;
			productName = BTConnector;
			productReference = AECD3CA12062308F006B47A2 /* BTConnector.app */;
			productType = "com.apple.product-type.application";
		};
/* End PBXNativeTarget section */

/* Begin PBXProject section */
		AECD3C992062308F006B47A2 /* Project object */ = {
			isa = PBXProject;
			attributes = {
				LastSwiftUpdateCheck = 0920;
				LastUpgradeCheck = 0920;
				ORGANIZATIONNAME = iDev;
				TargetAttributes = {
					AECD3CA02062308F006B47A2 = {
						CreatedOnToolsVersion = 9.2;
						ProvisioningStyle = Automatic;
						SystemCapabilities = {
							com.apple.BackgroundModes = {
								enabled = 1;
							};
						};
					};
				};
			};
			buildConfigurationList = AECD3C9C2062308F006B47A2 /* Build configuration list for PBXProject "BTConnector" */;
			compatibilityVersion = "Xcode 8.0";
			developmentRegion = en;
			hasScannedForEncodings = 0;
			knownRegions = (
				en,
				Base,
			);
			mainGroup = AECD3C982062308F006B47A2;
			productRefGroup = AECD3CA22062308F006B47A2 /* Products */;
			projectDirPath = "";
			projectRoot = "";
			targets = (
				AECD3CA02062308F006B47A2 /* BTConnector */,
			);
		};
/* End PBXProject section */

/* Begin PBXResourcesBuildPhase section */
		AECD3C9F2062308F006B47A2 /* Resources */ = {
			isa = PBXResourcesBuildPhase;
			buildActionMask = 2147483647;
			files = (
				AECD3CAF2062308F006B47A2 /* LaunchScreen.storyboard in Resources */,
				AECD3CAA2062308F006B47A2 /* Main.storyboard in Resources */,
				AECD3CC0206237BB006B47A2 /* Assets.xcassets in Resources */,
				AECD3CBF206237BB006B47A2 /* Info.plist in Resources */,
			);
			runOnlyForDeploymentPostprocessing = 0;
		};
/* End PBXResourcesBuildPhase section */

/* Begin PBXShellScriptBuildPhase section */
		32A77749B6AA487394BB32BB /* [CP] Copy Pods Resources */ = {
			isa = PBXShellScriptBuildPhase;
			buildActionMask = 2147483647;
			files = (
			);
			inputPaths = (
			);
			name = "[CP] Copy Pods Resources";
			outputPaths = (
			);
			runOnlyForDeploymentPostprocessing = 0;
			shellPath = /bin/sh;
			shellScript = "\"${SRCROOT}/Pods/Target Support Files/Pods-BTConnector/Pods-BTConnector-resources.sh\"\n";
			showEnvVarsInLog = 0;
		};
		F9DAE8949290706D8ED9D38B /* [CP] Embed Pods Frameworks */ = {
			isa = PBXShellScriptBuildPhase;
			buildActionMask = 2147483647;
			files = (
			);
			inputPaths = (
				"${SRCROOT}/Pods/Target Support Files/Pods-BTConnector/Pods-BTConnector-frameworks.sh",
				"${BUILT_PRODUCTS_DIR}/NVActivityIndicatorView/NVActivityIndicatorView.framework",
			);
			name = "[CP] Embed Pods Frameworks";
			outputPaths = (
				"${TARGET_BUILD_DIR}/${FRAMEWORKS_FOLDER_PATH}/NVActivityIndicatorView.framework",
			);
			runOnlyForDeploymentPostprocessing = 0;
			shellPath = /bin/sh;
			shellScript = "\"${SRCROOT}/Pods/Target Support Files/Pods-BTConnector/Pods-BTConnector-frameworks.sh\"\n";
			showEnvVarsInLog = 0;
		};
		FAB27DF0E42E7A788A9D73FD /* [CP] Check Pods Manifest.lock */ = {
			isa = PBXShellScriptBuildPhase;
			buildActionMask = 2147483647;
			files = (
			);
			inputPaths = (
				"${PODS_PODFILE_DIR_PATH}/Podfile.lock",
				"${PODS_ROOT}/Manifest.lock",
			);
			name = "[CP] Check Pods Manifest.lock";
			outputPaths = (
				"$(DERIVED_FILE_DIR)/Pods-BTConnector-checkManifestLockResult.txt",
			);
			runOnlyForDeploymentPostprocessing = 0;
			shellPath = /bin/sh;
			shellScript = "diff \"${PODS_PODFILE_DIR_PATH}/Podfile.lock\" \"${PODS_ROOT}/Manifest.lock\" > /dev/null\nif [ $? != 0 ] ; then\n    # print error to STDERR\n    echo \"error: The sandbox is not in sync with the Podfile.lock. Run 'pod install' or update your CocoaPods installation.\" >&2\n    exit 1\nfi\n# This output is used by Xcode 'outputs' to avoid re-running this script phase.\necho \"SUCCESS\" > \"${SCRIPT_OUTPUT_FILE_0}\"\n";
			showEnvVarsInLog = 0;
		};
/* End PBXShellScriptBuildPhase section */

/* Begin PBXSourcesBuildPhase section */
		AECD3C9D2062308F006B47A2 /* Sources */ = {
			isa = PBXSourcesBuildPhase;
			buildActionMask = 2147483647;
			files = (
				AECD3CBC206237B1006B47A2 /* ViewController.swift in Sources */,
				AECD3CC6206245B2006B47A2 /* SimpleBluetoothIO.swift in Sources */,
				AECD3CC5206245B2006B47A2 /* NSData+Int8.swift in Sources */,
				AECD3CCA20627B68006B47A2 /* TimerViewController.swift in Sources */,
				AECD3CA52062308F006B47A2 /* AppDelegate.swift in Sources */,
				AECD3CC2206237FA006B47A2 /* ScanDevicesViewController.swift in Sources */,
				AECD3CC820626F97006B47A2 /* SwitchTableViewCell.swift in Sources */,
			);
			runOnlyForDeploymentPostprocessing = 0;
		};
/* End PBXSourcesBuildPhase section */

/* Begin PBXVariantGroup section */
		AECD3CA82062308F006B47A2 /* Main.storyboard */ = {
			isa = PBXVariantGroup;
			children = (
				AECD3CA92062308F006B47A2 /* Base */,
			);
			name = Main.storyboard;
			sourceTree = "<group>";
		};
		AECD3CAD2062308F006B47A2 /* LaunchScreen.storyboard */ = {
			isa = PBXVariantGroup;
			children = (
				AECD3CAE2062308F006B47A2 /* Base */,
			);
			name = LaunchScreen.storyboard;
			sourceTree = "<group>";
		};
/* End PBXVariantGroup section */

/* Begin XCBuildConfiguration section */
		AECD3CB12062308F006B47A2 /* Debug */ = {
			isa = XCBuildConfiguration;
			buildSettings = {
				ALWAYS_SEARCH_USER_PATHS = NO;
				CLANG_ANALYZER_NONNULL = YES;
				CLANG_ANALYZER_NUMBER_OBJECT_CONVERSION = YES_AGGRESSIVE;
				CLANG_CXX_LANGUAGE_STANDARD = "gnu++14";
				CLANG_CXX_LIBRARY = "libc++";
				CLANG_ENABLE_MODULES = YES;
				CLANG_ENABLE_OBJC_ARC = YES;
				CLANG_WARN_BLOCK_CAPTURE_AUTORELEASING = YES;
				CLANG_WARN_BOOL_CONVERSION = YES;
				CLANG_WARN_COMMA = YES;
				CLANG_WARN_CONSTANT_CONVERSION = YES;
				CLANG_WARN_DIRECT_OBJC_ISA_USAGE = YES_ERROR;
				CLANG_WARN_DOCUMENTATION_COMMENTS = YES;
				CLANG_WARN_EMPTY_BODY = YES;
				CLANG_WARN_ENUM_CONVERSION = YES;
				CLANG_WARN_INFINITE_RECURSION = YES;
				CLANG_WARN_INT_CONVERSION = YES;
				CLANG_WARN_NON_LITERAL_NULL_CONVERSION = YES;
				CLANG_WARN_OBJC_LITERAL_CONVERSION = YES;
				CLANG_WARN_OBJC_ROOT_CLASS = YES_ERROR;
				CLANG_WARN_RANGE_LOOP_ANALYSIS = YES;
				CLANG_WARN_STRICT_PROTOTYPES = YES;
				CLANG_WARN_SUSPICIOUS_MOVE = YES;
				CLANG_WARN_UNGUARDED_AVAILABILITY = YES_AGGRESSIVE;
				CLANG_WARN_UNREACHABLE_CODE = YES;
				CLANG_WARN__DUPLICATE_METHOD_MATCH = YES;
				CODE_SIGN_IDENTITY = "iPhone Developer";
				COPY_PHASE_STRIP = NO;
				DEBUG_INFORMATION_FORMAT = dwarf;
				ENABLE_STRICT_OBJC_MSGSEND = YES;
				ENABLE_TESTABILITY = YES;
				GCC_C_LANGUAGE_STANDARD = gnu11;
				GCC_DYNAMIC_NO_PIC = NO;
				GCC_NO_COMMON_BLOCKS = YES;
				GCC_OPTIMIZATION_LEVEL = 0;
				GCC_PREPROCESSOR_DEFINITIONS = (
					"DEBUG=1",
					"$(inherited)",
				);
				GCC_WARN_64_TO_32_BIT_CONVERSION = YES;
				GCC_WARN_ABOUT_RETURN_TYPE = YES_ERROR;
				GCC_WARN_UNDECLARED_SELECTOR = YES;
				GCC_WARN_UNINITIALIZED_AUTOS = YES_AGGRESSIVE;
				GCC_WARN_UNUSED_FUNCTION = YES;
				GCC_WARN_UNUSED_VARIABLE = YES;
				IPHONEOS_DEPLOYMENT_TARGET = 11.2;
				MTL_ENABLE_DEBUG_INFO = YES;
				ONLY_ACTIVE_ARCH = YES;
				SDKROOT = iphoneos;
				SWIFT_ACTIVE_COMPILATION_CONDITIONS = DEBUG;
				SWIFT_OPTIMIZATION_LEVEL = "-Onone";
			};
			name = Debug;
		};
		AECD3CB22062308F006B47A2 /* Release */ = {
			isa = XCBuildConfiguration;
			buildSettings = {
				ALWAYS_SEARCH_USER_PATHS = NO;
				CLANG_ANALYZER_NONNULL = YES;
				CLANG_ANALYZER_NUMBER_OBJECT_CONVERSION = YES_AGGRESSIVE;
				CLANG_CXX_LANGUAGE_STANDARD = "gnu++14";
				CLANG_CXX_LIBRARY = "libc++";
				CLANG_ENABLE_MODULES = YES;
				CLANG_ENABLE_OBJC_ARC = YES;
				CLANG_WARN_BLOCK_CAPTURE_AUTORELEASING = YES;
				CLANG_WARN_BOOL_CONVERSION = YES;
				CLANG_WARN_COMMA = YES;
				CLANG_WARN_CONSTANT_CONVERSION = YES;
				CLANG_WARN_DIRECT_OBJC_ISA_USAGE = YES_ERROR;
				CLANG_WARN_DOCUMENTATION_COMMENTS = YES;
				CLANG_WARN_EMPTY_BODY = YES;
				CLANG_WARN_ENUM_CONVERSION = YES;
				CLANG_WARN_INFINITE_RECURSION = YES;
				CLANG_WARN_INT_CONVERSION = YES;
				CLANG_WARN_NON_LITERAL_NULL_CONVERSION = YES;
				CLANG_WARN_OBJC_LITERAL_CONVERSION = YES;
				CLANG_WARN_OBJC_ROOT_CLASS = YES_ERROR;
				CLANG_WARN_RANGE_LOOP_ANALYSIS = YES;
				CLANG_WARN_STRICT_PROTOTYPES = YES;
				CLANG_WARN_SUSPICIOUS_MOVE = YES;
				CLANG_WARN_UNGUARDED_AVAILABILITY = YES_AGGRESSIVE;
				CLANG_WARN_UNREACHABLE_CODE = YES;
				CLANG_WARN__DUPLICATE_METHOD_MATCH = YES;
				CODE_SIGN_IDENTITY = "iPhone Developer";
				COPY_PHASE_STRIP = NO;
				DEBUG_INFORMATION_FORMAT = "dwarf-with-dsym";
				ENABLE_NS_ASSERTIONS = NO;
				ENABLE_STRICT_OBJC_MSGSEND = YES;
				GCC_C_LANGUAGE_STANDARD = gnu11;
				GCC_NO_COMMON_BLOCKS = YES;
				GCC_WARN_64_TO_32_BIT_CONVERSION = YES;
				GCC_WARN_ABOUT_RETURN_TYPE = YES_ERROR;
				GCC_WARN_UNDECLARED_SELECTOR = YES;
				GCC_WARN_UNINITIALIZED_AUTOS = YES_AGGRESSIVE;
				GCC_WARN_UNUSED_FUNCTION = YES;
				GCC_WARN_UNUSED_VARIABLE = YES;
				IPHONEOS_DEPLOYMENT_TARGET = 11.2;
				MTL_ENABLE_DEBUG_INFO = NO;
				SDKROOT = iphoneos;
				SWIFT_OPTIMIZATION_LEVEL = "-Owholemodule";
				VALIDATE_PRODUCT = YES;
			};
			name = Release;
		};
		AECD3CB42062308F006B47A2 /* Debug */ = {
			isa = XCBuildConfiguration;
			baseConfigurationReference = 33EF813B5EB4CA55D547AF29 /* Pods-BTConnector.debug.xcconfig */;
			buildSettings = {
				ASSETCATALOG_COMPILER_APPICON_NAME = AppIcon;
				CODE_SIGN_STYLE = Automatic;
				DEVELOPMENT_TEAM = 7298V33AA6;
				INFOPLIST_FILE = "$(SRCROOT)/BTConnector/Resources/Info.plist";
				IPHONEOS_DEPLOYMENT_TARGET = 10.0;
				LD_RUNPATH_SEARCH_PATHS = "$(inherited) @executable_path/Frameworks";
				PRODUCT_BUNDLE_IDENTIFIER = com.heroeyezclassroom;
				PRODUCT_NAME = "$(TARGET_NAME)";
				SWIFT_VERSION = 4.0;
				TARGETED_DEVICE_FAMILY = "1,2";
			};
			name = Debug;
		};
		AECD3CB52062308F006B47A2 /* Release */ = {
			isa = XCBuildConfiguration;
			baseConfigurationReference = 409496853401C50AA3878EBA /* Pods-BTConnector.release.xcconfig */;
			buildSettings = {
				ASSETCATALOG_COMPILER_APPICON_NAME = AppIcon;
				CODE_SIGN_STYLE = Automatic;
				DEVELOPMENT_TEAM = 7298V33AA6;
				INFOPLIST_FILE = "$(SRCROOT)/BTConnector/Resources/Info.plist";
				IPHONEOS_DEPLOYMENT_TARGET = 10.0;
				LD_RUNPATH_SEARCH_PATHS = "$(inherited) @executable_path/Frameworks";
				PRODUCT_BUNDLE_IDENTIFIER = com.heroeyezclassroom;
				PRODUCT_NAME = "$(TARGET_NAME)";
				SWIFT_VERSION = 4.0;
				TARGETED_DEVICE_FAMILY = "1,2";
			};
			name = Release;
		};
/* End XCBuildConfiguration section */

/* Begin XCConfigurationList section */
		AECD3C9C2062308F006B47A2 /* Build configuration list for PBXProject "BTConnector" */ = {
			isa = XCConfigurationList;
			buildConfigurations = (
				AECD3CB12062308F006B47A2 /* Debug */,
				AECD3CB22062308F006B47A2 /* Release */,
			);
			defaultConfigurationIsVisible = 0;
			defaultConfigurationName = Release;
		};
		AECD3CB32062308F006B47A2 /* Build configuration list for PBXNativeTarget "BTConnector" */ = {
			isa = XCConfigurationList;
			buildConfigurations = (
				AECD3CB42062308F006B47A2 /* Debug */,
				AECD3CB52062308F006B47A2 /* Release */,
			);
			defaultConfigurationIsVisible = 0;
			defaultConfigurationName = Release;
		};
/* End XCConfigurationList section */
	};
	rootObject = AECD3C992062308F006B47A2 /* Project object */;
}
